
Microsoft Visual Studio Solution File, Format Version 9.00
# Visual Studio 2005
Project("{8BC9CEB8-8B4A-11D0-8D11-00A0C91BC942}") = "UML", "UML\UML.vcproj", "{D79A25A7-A180-450A-8BC2-AA7372102BC6}"
EndProject
Project("{8BC9CEB8-8B4A-11D0-8D11-00A0C91BC942}") = "Basic", "Basic\Basic.vcproj", "{FC20EC26-C06E-4033-AB2A-F13617480362}"
EndProject
Project("{8BC9CEB8-8B4A-11D0-8D11-00A0C91BC942}") = "Win32App", "Win32App\Win32App.vcproj", "{AF591A82-4A70-49A0-A7BB-48595C7A0CA8}"
EndProject
Project("{2150E333-8FDC-42A3-9474-1A3956D46DE8}") = "InterDtxy", "InterDtxy", "{06699BAE-ACBC-4508-979C-37E8CAA445CB}"
EndProject
Project("{8BC9CEB8-8B4A-11D0-8D11-00A0C91BC942}") = "TestCnCommHello", "..\SerialPortComm\TestCnCommHello\TestCnCommHello\TestCnCommHello.vcproj", "{ADD4E7B5-D3C5-40D4-960B-57027367152F}"
EndProject
Project("{8BC9CEB8-8B4A-11D0-8D11-00A0C91BC942}") = "MFCDialog", "MFCDialog\MFCDialog.vcproj", "{BE1229BC-F99B-46A0-A63A-84EA0E4B93E8}"
EndProject
Project("{8BC9CEB8-8B4A-11D0-8D11-00A0C91BC942}") = "Template metaprogramming", "Template metaprogramming\Template metaprogramming.vcproj", "{83FC0195-8321-4DF1-AFD0-CF9EA5F235B7}"
EndProject
Project("{8BC9CEB8-8B4A-11D0-8D11-00A0C91BC942}") = "C++ Idioms", "C++ Idioms\C++ Idioms.vcproj", "{A9171672-51FC-4CD7-B355-35AF38BF74A5}"
EndProject
Project("{8BC9CEB8-8B4A-11D0-8D11-00A0C91BC942}") = "Exception", "Exception\Exception.vcproj", "{DDBFE5E0-739A-45A4-921D-8CD51AD5E52F}"
EndProject
Project("{2150E333-8FDC-42A3-9474-1A3956D46DE8}") = "Win32", "Win32", "{F76439D2-33DD-4873-A150-1D42A98653A8}"
EndProject
Project("{2150E333-8FDC-42A3-9474-1A3956D46DE8}") = "Console", "Console", "{8659E2CE-AB63-47BD-9F79-2F5FFD820166}"
EndProject
Project("{8BC9CEB8-8B4A-11D0-8D11-00A0C91BC942}") = "STL Examples", "STL Examples\STL Examples.vcproj", "{15781837-FAE5-489C-93D0-F5675C447EA2}"
EndProject
Project("{8BC9CEB8-8B4A-11D0-8D11-00A0C91BC942}") = "FuelBoostTcpServ", "FuelBoostTcpServ\FuelBoostTcpServ.vcproj", "{6B786470-51B3-4384-A2BC-8DC39F70A8DD}"
EndProject
Global
	GlobalSection(SolutionConfigurationPlatforms) = preSolution
		Debug|Win32 = Debug|Win32
		Release|Win32 = Release|Win32
	EndGlobalSection
	GlobalSection(ProjectConfigurationPlatforms) = postSolution
		{D79A25A7-A180-450A-8BC2-AA7372102BC6}.Debug|Win32.ActiveCfg = Debug|Win32
		{D79A25A7-A180-450A-8BC2-AA7372102BC6}.Debug|Win32.Build.0 = Debug|Win32
		{D79A25A7-A180-450A-8BC2-AA7372102BC6}.Release|Win32.ActiveCfg = Release|Win32
		{D79A25A7-A180-450A-8BC2-AA7372102BC6}.Release|Win32.Build.0 = Release|Win32
		{FC20EC26-C06E-4033-AB2A-F13617480362}.Debug|Win32.ActiveCfg = Debug|Win32
		{FC20EC26-C06E-4033-AB2A-F13617480362}.Debug|Win32.Build.0 = Debug|Win32
		{FC20EC26-C06E-4033-AB2A-F13617480362}.Release|Win32.ActiveCfg = Release|Win32
		{FC20EC26-C06E-4033-AB2A-F13617480362}.Release|Win32.Build.0 = Release|Win32
		{AF591A82-4A70-49A0-A7BB-48595C7A0CA8}.Debug|Win32.ActiveCfg = Debug|Win32
		{AF591A82-4A70-49A0-A7BB-48595C7A0CA8}.Debug|Win32.Build.0 = Debug|Win32
		{AF591A82-4A70-49A0-A7BB-48595C7A0CA8}.Release|Win32.ActiveCfg = Release|Win32
		{AF591A82-4A70-49A0-A7BB-48595C7A0CA8}.Release|Win32.Build.0 = Release|Win32
		{ADD4E7B5-D3C5-40D4-960B-57027367152F}.Debug|Win32.ActiveCfg = Debug|Win32
		{ADD4E7B5-D3C5-40D4-960B-57027367152F}.Debug|Win32.Build.0 = Debug|Win32
		{ADD4E7B5-D3C5-40D4-960B-57027367152F}.Release|Win32.ActiveCfg = Release|Win32
		{ADD4E7B5-D3C5-40D4-960B-57027367152F}.Release|Win32.Build.0 = Release|Win32
		{BE1229BC-F99B-46A0-A63A-84EA0E4B93E8}.Debug|Win32.ActiveCfg = Debug|Win32
		{BE1229BC-F99B-46A0-A63A-84EA0E4B93E8}.Debug|Win32.Build.0 = Debug|Win32
		{BE1229BC-F99B-46A0-A63A-84EA0E4B93E8}.Release|Win32.ActiveCfg = Release|Win32
		{BE1229BC-F99B-46A0-A63A-84EA0E4B93E8}.Release|Win32.Build.0 = Release|Win32
		{83FC0195-8321-4DF1-AFD0-CF9EA5F235B7}.Debug|Win32.ActiveCfg = Debug|Win32
		{83FC0195-8321-4DF1-AFD0-CF9EA5F235B7}.Debug|Win32.Build.0 = Debug|Win32
		{83FC0195-8321-4DF1-AFD0-CF9EA5F235B7}.Release|Win32.ActiveCfg = Release|Win32
		{83FC0195-8321-4DF1-AFD0-CF9EA5F235B7}.Release|Win32.Build.0 = Release|Win32
		{A9171672-51FC-4CD7-B355-35AF38BF74A5}.Debug|Win32.ActiveCfg = Debug|Win32
		{A9171672-51FC-4CD7-B355-35AF38BF74A5}.Debug|Win32.Build.0 = Debug|Win32
		{A9171672-51FC-4CD7-B355-35AF38BF74A5}.Release|Win32.ActiveCfg = Release|Win32
		{A9171672-51FC-4CD7-B355-35AF38BF74A5}.Release|Win32.Build.0 = Release|Win32
		{DDBFE5E0-739A-45A4-921D-8CD51AD5E52F}.Debug|Win32.ActiveCfg = Debug|Win32
		{DDBFE5E0-739A-45A4-921D-8CD51AD5E52F}.Debug|Win32.Build.0 = Debug|Win32
		{DDBFE5E0-739A-45A4-921D-8CD51AD5E52F}.Release|Win32.ActiveCfg = Release|Win32
		{DDBFE5E0-739A-45A4-921D-8CD51AD5E52F}.Release|Win32.Build.0 = Release|Win32
		{15781837-FAE5-489C-93D0-F5675C447EA2}.Debug|Win32.ActiveCfg = Debug|Win32
		{15781837-FAE5-489C-93D0-F5675C447EA2}.Debug|Win32.Build.0 = Debug|Win32
		{15781837-FAE5-489C-93D0-F5675C447EA2}.Release|Win32.ActiveCfg = Release|Win32
		{15781837-FAE5-489C-93D0-F5675C447EA2}.Release|Win32.Build.0 = Release|Win32
		{6B786470-51B3-4384-A2BC-8DC39F70A8DD}.Debug|Win32.ActiveCfg = Debug|Win32
		{6B786470-51B3-4384-A2BC-8DC39F70A8DD}.Debug|Win32.Build.0 = Debug|Win32
		{6B786470-51B3-4384-A2BC-8DC39F70A8DD}.Release|Win32.ActiveCfg = Release|Win32
		{6B786470-51B3-4384-A2BC-8DC39F70A8DD}.Release|Win32.Build.0 = Release|Win32
	EndGlobalSection
	GlobalSection(SolutionProperties) = preSolution
		HideSolutionNode = FALSE
	EndGlobalSection
	GlobalSection(NestedProjects) = preSolution
		{FC20EC26-C06E-4033-AB2A-F13617480362} = {8659E2CE-AB63-47BD-9F79-2F5FFD820166}
		{83FC0195-8321-4DF1-AFD0-CF9EA5F235B7} = {8659E2CE-AB63-47BD-9F79-2F5FFD820166}
		{A9171672-51FC-4CD7-B355-35AF38BF74A5} = {8659E2CE-AB63-47BD-9F79-2F5FFD820166}
		{DDBFE5E0-739A-45A4-921D-8CD51AD5E52F} = {8659E2CE-AB63-47BD-9F79-2F5FFD820166}
		{D79A25A7-A180-450A-8BC2-AA7372102BC6} = {8659E2CE-AB63-47BD-9F79-2F5FFD820166}
		{15781837-FAE5-489C-93D0-F5675C447EA2} = {8659E2CE-AB63-47BD-9F79-2F5FFD820166}
		{BE1229BC-F99B-46A0-A63A-84EA0E4B93E8} = {F76439D2-33DD-4873-A150-1D42A98653A8}
		{AF591A82-4A70-49A0-A7BB-48595C7A0CA8} = {F76439D2-33DD-4873-A150-1D42A98653A8}
		{ADD4E7B5-D3C5-40D4-960B-57027367152F} = {06699BAE-ACBC-4508-979C-37E8CAA445CB}
		{6B786470-51B3-4384-A2BC-8DC39F70A8DD} = {06699BAE-ACBC-4508-979C-37E8CAA445CB}
	EndGlobalSection
EndGlobal
